// !$*UTF8*$!
{
	archiveVersion = 1;
	classes = {
	};
	objectVersion = 48;
	objects = {

/* Begin PBXBuildFile section */
		6A1F2CCB1FBB5CD2001E069B /* magNori.m in Sources */ = {isa = PBXBuildFile; fileRef = 6A1F2CCA1FBB5CD2001E069B /* magNori.m */; };
		6A1F2CCE1FBB5CF9001E069B /* magNori.cikernel in Resources */ = {isa = PBXBuildFile; fileRef = 6A1F2CCD1FBB5CF9001E069B /* magNori.cikernel */; };
		6A268BF41FA6474C00481258 /* AppDelegate.swift in Sources */ = {isa = PBXBuildFile; fileRef = 6A268BF31FA6474C00481258 /* AppDelegate.swift */; };
		6A268BF61FA6474C00481258 /* ViewController.swift in Sources */ = {isa = PBXBuildFile; fileRef = 6A268BF51FA6474C00481258 /* ViewController.swift */; };
		6A268BF91FA6474C00481258 /* Main.storyboard in Resources */ = {isa = PBXBuildFile; fileRef = 6A268BF71FA6474C00481258 /* Main.storyboard */; };
		6A268BFB1FA6474C00481258 /* Assets.xcassets in Resources */ = {isa = PBXBuildFile; fileRef = 6A268BFA1FA6474C00481258 /* Assets.xcassets */; };
		6A268BFE1FA6474C00481258 /* LaunchScreen.storyboard in Resources */ = {isa = PBXBuildFile; fileRef = 6A268BFC1FA6474C00481258 /* LaunchScreen.storyboard */; };
		6A268C091FA6474C00481258 /* FenestraTests.swift in Sources */ = {isa = PBXBuildFile; fileRef = 6A268C081FA6474C00481258 /* FenestraTests.swift */; };
		6A268C141FA6474C00481258 /* FenestraUITests.swift in Sources */ = {isa = PBXBuildFile; fileRef = 6A268C131FA6474C00481258 /* FenestraUITests.swift */; };
		6A268C231FA6477C00481258 /* gaussian1X.m in Sources */ = {isa = PBXBuildFile; fileRef = 6A268C221FA6477C00481258 /* gaussian1X.m */; };
		6A268C271FA647CC00481258 /* gaussian1X.cikernel in Resources */ = {isa = PBXBuildFile; fileRef = 6A268C261FA647CC00481258 /* gaussian1X.cikernel */; };
		6A268C291FA647E500481258 /* gaussian1Y.m in Sources */ = {isa = PBXBuildFile; fileRef = 6A268C281FA647E500481258 /* gaussian1Y.m */; };
		6A268C2C1FA6480800481258 /* gaussian1Y.cikernel in Resources */ = {isa = PBXBuildFile; fileRef = 6A268C2B1FA6480800481258 /* gaussian1Y.cikernel */; };
		6A268C2E1FA6482400481258 /* halve.m in Sources */ = {isa = PBXBuildFile; fileRef = 6A268C2D1FA6482400481258 /* halve.m */; };
		6A268C311FA6484900481258 /* halve.cikernel in Resources */ = {isa = PBXBuildFile; fileRef = 6A268C301FA6484900481258 /* halve.cikernel */; };
		6A268C331FA658D500481258 /* VC+SIFT.swift in Sources */ = {isa = PBXBuildFile; fileRef = 6A268C321FA658D500481258 /* VC+SIFT.swift */; };
		6A268C351FA6807B00481258 /* difference.m in Sources */ = {isa = PBXBuildFile; fileRef = 6A268C341FA6807B00481258 /* difference.m */; };
		6A268C381FA6809000481258 /* difference.cikernel in Resources */ = {isa = PBXBuildFile; fileRef = 6A268C371FA6809000481258 /* difference.cikernel */; };
		6A268C3A1FA69C4500481258 /* extractExtrema.m in Sources */ = {isa = PBXBuildFile; fileRef = 6A268C391FA69C4500481258 /* extractExtrema.m */; };
		6A268C3D1FA69C6F00481258 /* extractExtrema.cikernel in Resources */ = {isa = PBXBuildFile; fileRef = 6A268C3C1FA69C6F00481258 /* extractExtrema.cikernel */; };
		6A268C3F1FA7AC0D00481258 /* rgb2gray.m in Sources */ = {isa = PBXBuildFile; fileRef = 6A268C3E1FA7AC0D00481258 /* rgb2gray.m */; };
		6A268C421FA7AC2600481258 /* rgb2gray.cikernel in Resources */ = {isa = PBXBuildFile; fileRef = 6A268C411FA7AC2600481258 /* rgb2gray.cikernel */; };
		6A4F8EBF1FAAB82F00FEC879 /* calculateOffset.m in Sources */ = {isa = PBXBuildFile; fileRef = 6A4F8EBE1FAAB82F00FEC879 /* calculateOffset.m */; };
		6A4F8EC21FAAB84C00FEC879 /* calculateOffset.cikernel in Resources */ = {isa = PBXBuildFile; fileRef = 6A4F8EC11FAAB84C00FEC879 /* calculateOffset.cikernel */; };
		6A4F8EC41FAAB88600FEC879 /* extremumLocalization.m in Sources */ = {isa = PBXBuildFile; fileRef = 6A4F8EC31FAAB88600FEC879 /* extremumLocalization.m */; };
		6A4F8EC71FAAB8A900FEC879 /* extremumLocalization.cikernel in Resources */ = {isa = PBXBuildFile; fileRef = 6A4F8EC61FAAB8A900FEC879 /* extremumLocalization.cikernel */; };
		6A4F8ECE1FAABA1B00FEC879 /* edgeRejection.m in Sources */ = {isa = PBXBuildFile; fileRef = 6A4F8ECD1FAABA1B00FEC879 /* edgeRejection.m */; };
		6A4F8ED11FAABA2F00FEC879 /* edgeRejection.cikernel in Resources */ = {isa = PBXBuildFile; fileRef = 6A4F8ED01FAABA2F00FEC879 /* edgeRejection.cikernel */; };
/* End PBXBuildFile section */

/* Begin PBXContainerItemProxy section */
		6A268C051FA6474C00481258 /* PBXContainerItemProxy */ = {
			isa = PBXContainerItemProxy;
			containerPortal = 6A268BE81FA6474C00481258 /* Project object */;
			proxyType = 1;
			remoteGlobalIDString = 6A268BEF1FA6474C00481258;
			remoteInfo = Fenestra;
		};
		6A268C101FA6474C00481258 /* PBXContainerItemProxy */ = {
			isa = PBXContainerItemProxy;
			containerPortal = 6A268BE81FA6474C00481258 /* Project object */;
			proxyType = 1;
			remoteGlobalIDString = 6A268BEF1FA6474C00481258;
			remoteInfo = Fenestra;
		};
/* End PBXContainerItemProxy section */

/* Begin PBXFileReference section */
		6A1F2CCA1FBB5CD2001E069B /* magNori.m */ = {isa = PBXFileReference; lastKnownFileType = sourcecode.c.objc; path = magNori.m; sourceTree = "<group>"; };
		6A1F2CCC1FBB5CE0001E069B /* magNori.h */ = {isa = PBXFileReference; lastKnownFileType = sourcecode.c.h; path = magNori.h; sourceTree = "<group>"; };
		6A1F2CCD1FBB5CF9001E069B /* magNori.cikernel */ = {isa = PBXFileReference; lastKnownFileType = text; path = magNori.cikernel; sourceTree = "<group>"; };
		6A268BF01FA6474C00481258 /* Fenestra.app */ = {isa = PBXFileReference; explicitFileType = wrapper.application; includeInIndex = 0; path = Fenestra.app; sourceTree = BUILT_PRODUCTS_DIR; };
		6A268BF31FA6474C00481258 /* AppDelegate.swift */ = {isa = PBXFileReference; lastKnownFileType = sourcecode.swift; path = AppDelegate.swift; sourceTree = "<group>"; };
		6A268BF51FA6474C00481258 /* ViewController.swift */ = {isa = PBXFileReference; lastKnownFileType = sourcecode.swift; path = ViewController.swift; sourceTree = "<group>"; };
		6A268BF81FA6474C00481258 /* Base */ = {isa = PBXFileReference; lastKnownFileType = file.storyboard; name = Base; path = Base.lproj/Main.storyboard; sourceTree = "<group>"; };
		6A268BFA1FA6474C00481258 /* Assets.xcassets */ = {isa = PBXFileReference; lastKnownFileType = folder.assetcatalog; path = Assets.xcassets; sourceTree = "<group>"; };
		6A268BFD1FA6474C00481258 /* Base */ = {isa = PBXFileReference; lastKnownFileType = file.storyboard; name = Base; path = Base.lproj/LaunchScreen.storyboard; sourceTree = "<group>"; };
		6A268BFF1FA6474C00481258 /* Info.plist */ = {isa = PBXFileReference; lastKnownFileType = text.plist.xml; path = Info.plist; sourceTree = "<group>"; };
		6A268C041FA6474C00481258 /* FenestraTests.xctest */ = {isa = PBXFileReference; explicitFileType = wrapper.cfbundle; includeInIndex = 0; path = FenestraTests.xctest; sourceTree = BUILT_PRODUCTS_DIR; };
		6A268C081FA6474C00481258 /* FenestraTests.swift */ = {isa = PBXFileReference; lastKnownFileType = sourcecode.swift; path = FenestraTests.swift; sourceTree = "<group>"; };
		6A268C0A1FA6474C00481258 /* Info.plist */ = {isa = PBXFileReference; lastKnownFileType = text.plist.xml; path = Info.plist; sourceTree = "<group>"; };
		6A268C0F1FA6474C00481258 /* FenestraUITests.xctest */ = {isa = PBXFileReference; explicitFileType = wrapper.cfbundle; includeInIndex = 0; path = FenestraUITests.xctest; sourceTree = BUILT_PRODUCTS_DIR; };
		6A268C131FA6474C00481258 /* FenestraUITests.swift */ = {isa = PBXFileReference; lastKnownFileType = sourcecode.swift; path = FenestraUITests.swift; sourceTree = "<group>"; };
		6A268C151FA6474C00481258 /* Info.plist */ = {isa = PBXFileReference; lastKnownFileType = text.plist.xml; path = Info.plist; sourceTree = "<group>"; };
		6A268C211FA6477C00481258 /* Fenestra-Bridging-Header.h */ = {isa = PBXFileReference; lastKnownFileType = sourcecode.c.h; path = "Fenestra-Bridging-Header.h"; sourceTree = "<group>"; };
		6A268C221FA6477C00481258 /* gaussian1X.m */ = {isa = PBXFileReference; lastKnownFileType = sourcecode.c.objc; path = gaussian1X.m; sourceTree = "<group>"; };
		6A268C251FA647BD00481258 /* gaussian1X.h */ = {isa = PBXFileReference; lastKnownFileType = sourcecode.c.h; path = gaussian1X.h; sourceTree = "<group>"; };
		6A268C261FA647CC00481258 /* gaussian1X.cikernel */ = {isa = PBXFileReference; lastKnownFileType = text; path = gaussian1X.cikernel; sourceTree = "<group>"; };
		6A268C281FA647E500481258 /* gaussian1Y.m */ = {isa = PBXFileReference; lastKnownFileType = sourcecode.c.objc; path = gaussian1Y.m; sourceTree = "<group>"; };
		6A268C2A1FA647F500481258 /* gaussian1Y.h */ = {isa = PBXFileReference; lastKnownFileType = sourcecode.c.h; path = gaussian1Y.h; sourceTree = "<group>"; };
		6A268C2B1FA6480800481258 /* gaussian1Y.cikernel */ = {isa = PBXFileReference; lastKnownFileType = text; path = gaussian1Y.cikernel; sourceTree = "<group>"; };
		6A268C2D1FA6482400481258 /* halve.m */ = {isa = PBXFileReference; lastKnownFileType = sourcecode.c.objc; path = halve.m; sourceTree = "<group>"; };
		6A268C2F1FA6483200481258 /* halve.h */ = {isa = PBXFileReference; lastKnownFileType = sourcecode.c.h; path = halve.h; sourceTree = "<group>"; };
		6A268C301FA6484900481258 /* halve.cikernel */ = {isa = PBXFileReference; lastKnownFileType = text; path = halve.cikernel; sourceTree = "<group>"; };
		6A268C321FA658D500481258 /* VC+SIFT.swift */ = {isa = PBXFileReference; lastKnownFileType = sourcecode.swift; path = "VC+SIFT.swift"; sourceTree = "<group>"; };
		6A268C341FA6807B00481258 /* difference.m */ = {isa = PBXFileReference; lastKnownFileType = sourcecode.c.objc; path = difference.m; sourceTree = "<group>"; };
		6A268C361FA6808300481258 /* difference.h */ = {isa = PBXFileReference; lastKnownFileType = sourcecode.c.h; path = difference.h; sourceTree = "<group>"; };
		6A268C371FA6809000481258 /* difference.cikernel */ = {isa = PBXFileReference; lastKnownFileType = text; path = difference.cikernel; sourceTree = "<group>"; };
		6A268C391FA69C4500481258 /* extractExtrema.m */ = {isa = PBXFileReference; lastKnownFileType = sourcecode.c.objc; path = extractExtrema.m; sourceTree = "<group>"; };
		6A268C3B1FA69C5200481258 /* extractExtrema.h */ = {isa = PBXFileReference; lastKnownFileType = sourcecode.c.h; path = extractExtrema.h; sourceTree = "<group>"; };
		6A268C3C1FA69C6F00481258 /* extractExtrema.cikernel */ = {isa = PBXFileReference; lastKnownFileType = text; path = extractExtrema.cikernel; sourceTree = "<group>"; };
		6A268C3E1FA7AC0D00481258 /* rgb2gray.m */ = {isa = PBXFileReference; lastKnownFileType = sourcecode.c.objc; path = rgb2gray.m; sourceTree = "<group>"; };
		6A268C401FA7AC1900481258 /* rgb2gray.h */ = {isa = PBXFileReference; lastKnownFileType = sourcecode.c.h; path = rgb2gray.h; sourceTree = "<group>"; };
		6A268C411FA7AC2600481258 /* rgb2gray.cikernel */ = {isa = PBXFileReference; lastKnownFileType = text; path = rgb2gray.cikernel; sourceTree = "<group>"; };
		6A4F8EBE1FAAB82F00FEC879 /* calculateOffset.m */ = {isa = PBXFileReference; lastKnownFileType = sourcecode.c.objc; path = calculateOffset.m; sourceTree = "<group>"; };
		6A4F8EC01FAAB83C00FEC879 /* calculateOffset.h */ = {isa = PBXFileReference; lastKnownFileType = sourcecode.c.h; path = calculateOffset.h; sourceTree = "<group>"; };
		6A4F8EC11FAAB84C00FEC879 /* calculateOffset.cikernel */ = {isa = PBXFileReference; lastKnownFileType = text; path = calculateOffset.cikernel; sourceTree = "<group>"; };
		6A4F8EC31FAAB88600FEC879 /* extremumLocalization.m */ = {isa = PBXFileReference; lastKnownFileType = sourcecode.c.objc; path = extremumLocalization.m; sourceTree = "<group>"; };
		6A4F8EC51FAAB89900FEC879 /* extremumLocalization.h */ = {isa = PBXFileReference; lastKnownFileType = sourcecode.c.h; path = extremumLocalization.h; sourceTree = "<group>"; };
		6A4F8EC61FAAB8A900FEC879 /* extremumLocalization.cikernel */ = {isa = PBXFileReference; lastKnownFileType = text; path = extremumLocalization.cikernel; sourceTree = "<group>"; };
		6A4F8ECD1FAABA1B00FEC879 /* edgeRejection.m */ = {isa = PBXFileReference; lastKnownFileType = sourcecode.c.objc; path = edgeRejection.m; sourceTree = "<group>"; };
		6A4F8ECF1FAABA2500FEC879 /* edgeRejection.h */ = {isa = PBXFileReference; lastKnownFileType = sourcecode.c.h; path = edgeRejection.h; sourceTree = "<group>"; };
		6A4F8ED01FAABA2F00FEC879 /* edgeRejection.cikernel */ = {isa = PBXFileReference; lastKnownFileType = text; path = edgeRejection.cikernel; sourceTree = "<group>"; };
/* End PBXFileReference section */

/* Begin PBXFrameworksBuildPhase section */
		6A268BED1FA6474C00481258 /* Frameworks */ = {
			isa = PBXFrameworksBuildPhase;
			buildActionMask = 2147483647;
			files = (
			);
			runOnlyForDeploymentPostprocessing = 0;
		};
		6A268C011FA6474C00481258 /* Frameworks */ = {
			isa = PBXFrameworksBuildPhase;
			buildActionMask = 2147483647;
			files = (
			);
			runOnlyForDeploymentPostprocessing = 0;
		};
		6A268C0C1FA6474C00481258 /* Frameworks */ = {
			isa = PBXFrameworksBuildPhase;
			buildActionMask = 2147483647;
			files = (
			);
			runOnlyForDeploymentPostprocessing = 0;
		};
/* End PBXFrameworksBuildPhase section */

/* Begin PBXGroup section */
		6A268BE71FA6474C00481258 = {
			isa = PBXGroup;
			children = (
				6A268BF21FA6474C00481258 /* Fenestra */,
				6A268C071FA6474C00481258 /* FenestraTests */,
				6A268C121FA6474C00481258 /* FenestraUITests */,
				6A268BF11FA6474C00481258 /* Products */,
			);
			sourceTree = "<group>";
		};
		6A268BF11FA6474C00481258 /* Products */ = {
			isa = PBXGroup;
			children = (
				6A268BF01FA6474C00481258 /* Fenestra.app */,
				6A268C041FA6474C00481258 /* FenestraTests.xctest */,
				6A268C0F1FA6474C00481258 /* FenestraUITests.xctest */,
			);
			name = Products;
			sourceTree = "<group>";
		};
		6A268BF21FA6474C00481258 /* Fenestra */ = {
			isa = PBXGroup;
			children = (
				6A268C241FA6478D00481258 /* Filter */,
				6A268BF31FA6474C00481258 /* AppDelegate.swift */,
				6A268BF51FA6474C00481258 /* ViewController.swift */,
				6A268C321FA658D500481258 /* VC+SIFT.swift */,
				6A268BF71FA6474C00481258 /* Main.storyboard */,
				6A268BFA1FA6474C00481258 /* Assets.xcassets */,
				6A268BFC1FA6474C00481258 /* LaunchScreen.storyboard */,
				6A268BFF1FA6474C00481258 /* Info.plist */,
				6A268C211FA6477C00481258 /* Fenestra-Bridging-Header.h */,
			);
			path = Fenestra;
			sourceTree = "<group>";
		};
		6A268C071FA6474C00481258 /* FenestraTests */ = {
			isa = PBXGroup;
			children = (
				6A268C081FA6474C00481258 /* FenestraTests.swift */,
				6A268C0A1FA6474C00481258 /* Info.plist */,
			);
			path = FenestraTests;
			sourceTree = "<group>";
		};
		6A268C121FA6474C00481258 /* FenestraUITests */ = {
			isa = PBXGroup;
			children = (
				6A268C131FA6474C00481258 /* FenestraUITests.swift */,
				6A268C151FA6474C00481258 /* Info.plist */,
			);
			path = FenestraUITests;
			sourceTree = "<group>";
		};
		6A268C241FA6478D00481258 /* Filter */ = {
			isa = PBXGroup;
			children = (
				6A4F8EBD1FAAB60C00FEC879 /* Detector */,
				6A4F8EBC1FAAB57E00FEC879 /* KeypointRejection */,
				6AE85BDE1FB7991600021E92 /* Descriptor */,
			);
			path = Filter;
			sourceTree = "<group>";
		};
		6A4F8EBC1FAAB57E00FEC879 /* KeypointRejection */ = {
			isa = PBXGroup;
			children = (
				6A4F8EBE1FAAB82F00FEC879 /* calculateOffset.m */,
				6A4F8EC01FAAB83C00FEC879 /* calculateOffset.h */,
				6A4F8EC11FAAB84C00FEC879 /* calculateOffset.cikernel */,
				6A4F8EC31FAAB88600FEC879 /* extremumLocalization.m */,
				6A4F8EC51FAAB89900FEC879 /* extremumLocalization.h */,
				6A4F8EC61FAAB8A900FEC879 /* extremumLocalization.cikernel */,
			);
			path = KeypointRejection;
			sourceTree = "<group>";
		};
		6A4F8EBD1FAAB60C00FEC879 /* Detector */ = {
			isa = PBXGroup;
			children = (
				6A268C3E1FA7AC0D00481258 /* rgb2gray.m */,
				6A268C401FA7AC1900481258 /* rgb2gray.h */,
				6A268C411FA7AC2600481258 /* rgb2gray.cikernel */,
				6A268C221FA6477C00481258 /* gaussian1X.m */,
				6A268C251FA647BD00481258 /* gaussian1X.h */,
				6A268C261FA647CC00481258 /* gaussian1X.cikernel */,
				6A268C281FA647E500481258 /* gaussian1Y.m */,
				6A268C2A1FA647F500481258 /* gaussian1Y.h */,
				6A268C2B1FA6480800481258 /* gaussian1Y.cikernel */,
				6A268C2D1FA6482400481258 /* halve.m */,
				6A268C2F1FA6483200481258 /* halve.h */,
				6A268C301FA6484900481258 /* halve.cikernel */,
				6A268C341FA6807B00481258 /* difference.m */,
				6A268C361FA6808300481258 /* difference.h */,
				6A268C371FA6809000481258 /* difference.cikernel */,
				6A268C391FA69C4500481258 /* extractExtrema.m */,
				6A268C3B1FA69C5200481258 /* extractExtrema.h */,
				6A268C3C1FA69C6F00481258 /* extractExtrema.cikernel */,
				6A4F8ECD1FAABA1B00FEC879 /* edgeRejection.m */,
				6A4F8ECF1FAABA2500FEC879 /* edgeRejection.h */,
				6A4F8ED01FAABA2F00FEC879 /* edgeRejection.cikernel */,
			);
			path = Detector;
			sourceTree = "<group>";
		};
		6AE85BDE1FB7991600021E92 /* Descriptor */ = {
			isa = PBXGroup;
			children = (
				6A1F2CCA1FBB5CD2001E069B /* magNori.m */,
				6A1F2CCC1FBB5CE0001E069B /* magNori.h */,
				6A1F2CCD1FBB5CF9001E069B /* magNori.cikernel */,
			);
			path = Descriptor;
			sourceTree = "<group>";
		};
/* End PBXGroup section */

/* Begin PBXNativeTarget section */
		6A268BEF1FA6474C00481258 /* Fenestra */ = {
			isa = PBXNativeTarget;
			buildConfigurationList = 6A268C181FA6474C00481258 /* Build configuration list for PBXNativeTarget "Fenestra" */;
			buildPhases = (
				6A268BEC1FA6474C00481258 /* Sources */,
				6A268BED1FA6474C00481258 /* Frameworks */,
				6A268BEE1FA6474C00481258 /* Resources */,
			);
			buildRules = (
			);
			dependencies = (
			);
			name = Fenestra;
			productName = Fenestra;
			productReference = 6A268BF01FA6474C00481258 /* Fenestra.app */;
			productType = "com.apple.product-type.application";
		};
		6A268C031FA6474C00481258 /* FenestraTests */ = {
			isa = PBXNativeTarget;
			buildConfigurationList = 6A268C1B1FA6474C00481258 /* Build configuration list for PBXNativeTarget "FenestraTests" */;
			buildPhases = (
				6A268C001FA6474C00481258 /* Sources */,
				6A268C011FA6474C00481258 /* Frameworks */,
				6A268C021FA6474C00481258 /* Resources */,
			);
			buildRules = (
			);
			dependencies = (
				6A268C061FA6474C00481258 /* PBXTargetDependency */,
			);
			name = FenestraTests;
			productName = FenestraTests;
			productReference = 6A268C041FA6474C00481258 /* FenestraTests.xctest */;
			productType = "com.apple.product-type.bundle.unit-test";
		};
		6A268C0E1FA6474C00481258 /* FenestraUITests */ = {
			isa = PBXNativeTarget;
			buildConfigurationList = 6A268C1E1FA6474C00481258 /* Build configuration list for PBXNativeTarget "FenestraUITests" */;
			buildPhases = (
				6A268C0B1FA6474C00481258 /* Sources */,
				6A268C0C1FA6474C00481258 /* Frameworks */,
				6A268C0D1FA6474C00481258 /* Resources */,
			);
			buildRules = (
			);
			dependencies = (
				6A268C111FA6474C00481258 /* PBXTargetDependency */,
			);
			name = FenestraUITests;
			productName = FenestraUITests;
			productReference = 6A268C0F1FA6474C00481258 /* FenestraUITests.xctest */;
			productType = "com.apple.product-type.bundle.ui-testing";
		};
/* End PBXNativeTarget section */

/* Begin PBXProject section */
		6A268BE81FA6474C00481258 /* Project object */ = {
			isa = PBXProject;
			attributes = {
				LastSwiftUpdateCheck = 0910;
				LastUpgradeCheck = 0910;
				ORGANIZATIONNAME = "Andrew Jay Zhou";
				TargetAttributes = {
					6A268BEF1FA6474C00481258 = {
						CreatedOnToolsVersion = 9.1;
						LastSwiftMigration = 0910;
						ProvisioningStyle = Automatic;
					};
					6A268C031FA6474C00481258 = {
						CreatedOnToolsVersion = 9.1;
						ProvisioningStyle = Automatic;
						TestTargetID = 6A268BEF1FA6474C00481258;
					};
					6A268C0E1FA6474C00481258 = {
						CreatedOnToolsVersion = 9.1;
						ProvisioningStyle = Automatic;
						TestTargetID = 6A268BEF1FA6474C00481258;
					};
				};
			};
			buildConfigurationList = 6A268BEB1FA6474C00481258 /* Build configuration list for PBXProject "Fenestra" */;
			compatibilityVersion = "Xcode 8.0";
			developmentRegion = en;
			hasScannedForEncodings = 0;
			knownRegions = (
				en,
				Base,
			);
			mainGroup = 6A268BE71FA6474C00481258;
			productRefGroup = 6A268BF11FA6474C00481258 /* Products */;
			projectDirPath = "";
			projectRoot = "";
			targets = (
				6A268BEF1FA6474C00481258 /* Fenestra */,
				6A268C031FA6474C00481258 /* FenestraTests */,
				6A268C0E1FA6474C00481258 /* FenestraUITests */,
			);
		};
/* End PBXProject section */

/* Begin PBXResourcesBuildPhase section */
		6A268BEE1FA6474C00481258 /* Resources */ = {
			isa = PBXResourcesBuildPhase;
			buildActionMask = 2147483647;
			files = (
				6A4F8EC21FAAB84C00FEC879 /* calculateOffset.cikernel in Resources */,
				6A1F2CCE1FBB5CF9001E069B /* magNori.cikernel in Resources */,
				6A268C381FA6809000481258 /* difference.cikernel in Resources */,
				6A268C421FA7AC2600481258 /* rgb2gray.cikernel in Resources */,
				6A268BFE1FA6474C00481258 /* LaunchScreen.storyboard in Resources */,
				6A268C311FA6484900481258 /* halve.cikernel in Resources */,
				6A4F8EC71FAAB8A900FEC879 /* extremumLocalization.cikernel in Resources */,
				6A4F8ED11FAABA2F00FEC879 /* edgeRejection.cikernel in Resources */,
				6A268C3D1FA69C6F00481258 /* extractExtrema.cikernel in Resources */,
				6A268BFB1FA6474C00481258 /* Assets.xcassets in Resources */,
				6A268C271FA647CC00481258 /* gaussian1X.cikernel in Resources */,
				6A268C2C1FA6480800481258 /* gaussian1Y.cikernel in Resources */,
				6A268BF91FA6474C00481258 /* Main.storyboard in Resources */,
			);
			runOnlyForDeploymentPostprocessing = 0;
		};
		6A268C021FA6474C00481258 /* Resources */ = {
			isa = PBXResourcesBuildPhase;
			buildActionMask = 2147483647;
			files = (
			);
			runOnlyForDeploymentPostprocessing = 0;
		};
		6A268C0D1FA6474C00481258 /* Resources */ = {
			isa = PBXResourcesBuildPhase;
			buildActionMask = 2147483647;
			files = (
			);
			runOnlyForDeploymentPostprocessing = 0;
		};
/* End PBXResourcesBuildPhase section */

/* Begin PBXSourcesBuildPhase section */
		6A268BEC1FA6474C00481258 /* Sources */ = {
			isa = PBXSourcesBuildPhase;
			buildActionMask = 2147483647;
			files = (
				6A4F8ECE1FAABA1B00FEC879 /* edgeRejection.m in Sources */,
				6A268C331FA658D500481258 /* VC+SIFT.swift in Sources */,
				6A268C291FA647E500481258 /* gaussian1Y.m in Sources */,
				6A268C3F1FA7AC0D00481258 /* rgb2gray.m in Sources */,
				6A1F2CCB1FBB5CD2001E069B /* magNori.m in Sources */,
				6A4F8EC41FAAB88600FEC879 /* extremumLocalization.m in Sources */,
				6A268BF61FA6474C00481258 /* ViewController.swift in Sources */,
				6A268BF41FA6474C00481258 /* AppDelegate.swift in Sources */,
				6A268C3A1FA69C4500481258 /* extractExtrema.m in Sources */,
				6A268C2E1FA6482400481258 /* halve.m in Sources */,
				6A4F8EBF1FAAB82F00FEC879 /* calculateOffset.m in Sources */,
				6A268C351FA6807B00481258 /* difference.m in Sources */,
				6A268C231FA6477C00481258 /* gaussian1X.m in Sources */,
			);
			runOnlyForDeploymentPostprocessing = 0;
		};
		6A268C001FA6474C00481258 /* Sources */ = {
			isa = PBXSourcesBuildPhase;
			buildActionMask = 2147483647;
			files = (
				6A268C091FA6474C00481258 /* FenestraTests.swift in Sources */,
			);
			runOnlyForDeploymentPostprocessing = 0;
		};
		6A268C0B1FA6474C00481258 /* Sources */ = {
			isa = PBXSourcesBuildPhase;
			buildActionMask = 2147483647;
			files = (
				6A268C141FA6474C00481258 /* FenestraUITests.swift in Sources */,
			);
			runOnlyForDeploymentPostprocessing = 0;
		};
/* End PBXSourcesBuildPhase section */

/* Begin PBXTargetDependency section */
		6A268C061FA6474C00481258 /* PBXTargetDependency */ = {
			isa = PBXTargetDependency;
			target = 6A268BEF1FA6474C00481258 /* Fenestra */;
			targetProxy = 6A268C051FA6474C00481258 /* PBXContainerItemProxy */;
		};
		6A268C111FA6474C00481258 /* PBXTargetDependency */ = {
			isa = PBXTargetDependency;
			target = 6A268BEF1FA6474C00481258 /* Fenestra */;
			targetProxy = 6A268C101FA6474C00481258 /* PBXContainerItemProxy */;
		};
/* End PBXTargetDependency section */

/* Begin PBXVariantGroup section */
		6A268BF71FA6474C00481258 /* Main.storyboard */ = {
			isa = PBXVariantGroup;
			children = (
				6A268BF81FA6474C00481258 /* Base */,
			);
			name = Main.storyboard;
			sourceTree = "<group>";
		};
		6A268BFC1FA6474C00481258 /* LaunchScreen.storyboard */ = {
			isa = PBXVariantGroup;
			children = (
				6A268BFD1FA6474C00481258 /* Base */,
			);
			name = LaunchScreen.storyboard;
			sourceTree = "<group>";
		};
/* End PBXVariantGroup section */

/* Begin XCBuildConfiguration section */
		6A268C161FA6474C00481258 /* Debug */ = {
			isa = XCBuildConfiguration;
			buildSettings = {
				ALWAYS_SEARCH_USER_PATHS = NO;
				CLANG_ANALYZER_NONNULL = YES;
				CLANG_ANALYZER_NUMBER_OBJECT_CONVERSION = YES_AGGRESSIVE;
				CLANG_CXX_LANGUAGE_STANDARD = "gnu++14";
				CLANG_CXX_LIBRARY = "libc++";
				CLANG_ENABLE_MODULES = YES;
				CLANG_ENABLE_OBJC_ARC = YES;
				CLANG_WARN_BLOCK_CAPTURE_AUTORELEASING = YES;
				CLANG_WARN_BOOL_CONVERSION = YES;
				CLANG_WARN_COMMA = YES;
				CLANG_WARN_CONSTANT_CONVERSION = YES;
				CLANG_WARN_DIRECT_OBJC_ISA_USAGE = YES_ERROR;
				CLANG_WARN_DOCUMENTATION_COMMENTS = YES;
				CLANG_WARN_EMPTY_BODY = YES;
				CLANG_WARN_ENUM_CONVERSION = YES;
				CLANG_WARN_INFINITE_RECURSION = YES;
				CLANG_WARN_INT_CONVERSION = YES;
				CLANG_WARN_NON_LITERAL_NULL_CONVERSION = YES;
				CLANG_WARN_OBJC_LITERAL_CONVERSION = YES;
				CLANG_WARN_OBJC_ROOT_CLASS = YES_ERROR;
				CLANG_WARN_RANGE_LOOP_ANALYSIS = YES;
				CLANG_WARN_STRICT_PROTOTYPES = YES;
				CLANG_WARN_SUSPICIOUS_MOVE = YES;
				CLANG_WARN_UNGUARDED_AVAILABILITY = YES_AGGRESSIVE;
				CLANG_WARN_UNREACHABLE_CODE = YES;
				CLANG_WARN__DUPLICATE_METHOD_MATCH = YES;
				CODE_SIGN_IDENTITY = "iPhone Developer";
				COPY_PHASE_STRIP = NO;
				DEBUG_INFORMATION_FORMAT = dwarf;
				ENABLE_STRICT_OBJC_MSGSEND = YES;
				ENABLE_TESTABILITY = YES;
				GCC_C_LANGUAGE_STANDARD = gnu11;
				GCC_DYNAMIC_NO_PIC = NO;
				GCC_NO_COMMON_BLOCKS = YES;
				GCC_OPTIMIZATION_LEVEL = 0;
				GCC_PREPROCESSOR_DEFINITIONS = (
					"DEBUG=1",
					"$(inherited)",
				);
				GCC_WARN_64_TO_32_BIT_CONVERSION = YES;
				GCC_WARN_ABOUT_RETURN_TYPE = YES_ERROR;
				GCC_WARN_UNDECLARED_SELECTOR = YES;
				GCC_WARN_UNINITIALIZED_AUTOS = YES_AGGRESSIVE;
				GCC_WARN_UNUSED_FUNCTION = YES;
				GCC_WARN_UNUSED_VARIABLE = YES;
				IPHONEOS_DEPLOYMENT_TARGET = 11.1;
				MTL_ENABLE_DEBUG_INFO = YES;
				ONLY_ACTIVE_ARCH = YES;
				SDKROOT = iphoneos;
				SWIFT_ACTIVE_COMPILATION_CONDITIONS = DEBUG;
				SWIFT_OPTIMIZATION_LEVEL = "-Onone";
			};
			name = Debug;
		};
		6A268C171FA6474C00481258 /* Release */ = {
			isa = XCBuildConfiguration;
			buildSettings = {
				ALWAYS_SEARCH_USER_PATHS = NO;
				CLANG_ANALYZER_NONNULL = YES;
				CLANG_ANALYZER_NUMBER_OBJECT_CONVERSION = YES_AGGRESSIVE;
				CLANG_CXX_LANGUAGE_STANDARD = "gnu++14";
				CLANG_CXX_LIBRARY = "libc++";
				CLANG_ENABLE_MODULES = YES;
				CLANG_ENABLE_OBJC_ARC = YES;
				CLANG_WARN_BLOCK_CAPTURE_AUTORELEASING = YES;
				CLANG_WARN_BOOL_CONVERSION = YES;
				CLANG_WARN_COMMA = YES;
				CLANG_WARN_CONSTANT_CONVERSION = YES;
				CLANG_WARN_DIRECT_OBJC_ISA_USAGE = YES_ERROR;
				CLANG_WARN_DOCUMENTATION_COMMENTS = YES;
				CLANG_WARN_EMPTY_BODY = YES;
				CLANG_WARN_ENUM_CONVERSION = YES;
				CLANG_WARN_INFINITE_RECURSION = YES;
				CLANG_WARN_INT_CONVERSION = YES;
				CLANG_WARN_NON_LITERAL_NULL_CONVERSION = YES;
				CLANG_WARN_OBJC_LITERAL_CONVERSION = YES;
				CLANG_WARN_OBJC_ROOT_CLASS = YES_ERROR;
				CLANG_WARN_RANGE_LOOP_ANALYSIS = YES;
				CLANG_WARN_STRICT_PROTOTYPES = YES;
				CLANG_WARN_SUSPICIOUS_MOVE = YES;
				CLANG_WARN_UNGUARDED_AVAILABILITY = YES_AGGRESSIVE;
				CLANG_WARN_UNREACHABLE_CODE = YES;
				CLANG_WARN__DUPLICATE_METHOD_MATCH = YES;
				CODE_SIGN_IDENTITY = "iPhone Developer";
				COPY_PHASE_STRIP = NO;
				DEBUG_INFORMATION_FORMAT = "dwarf-with-dsym";
				ENABLE_NS_ASSERTIONS = NO;
				ENABLE_STRICT_OBJC_MSGSEND = YES;
				GCC_C_LANGUAGE_STANDARD = gnu11;
				GCC_NO_COMMON_BLOCKS = YES;
				GCC_WARN_64_TO_32_BIT_CONVERSION = YES;
				GCC_WARN_ABOUT_RETURN_TYPE = YES_ERROR;
				GCC_WARN_UNDECLARED_SELECTOR = YES;
				GCC_WARN_UNINITIALIZED_AUTOS = YES_AGGRESSIVE;
				GCC_WARN_UNUSED_FUNCTION = YES;
				GCC_WARN_UNUSED_VARIABLE = YES;
				IPHONEOS_DEPLOYMENT_TARGET = 11.1;
				MTL_ENABLE_DEBUG_INFO = NO;
				SDKROOT = iphoneos;
				SWIFT_OPTIMIZATION_LEVEL = "-Owholemodule";
				VALIDATE_PRODUCT = YES;
			};
			name = Release;
		};
		6A268C191FA6474C00481258 /* Debug */ = {
			isa = XCBuildConfiguration;
			buildSettings = {
				ASSETCATALOG_COMPILER_APPICON_NAME = AppIcon;
				CLANG_ENABLE_MODULES = YES;
				CODE_SIGN_STYLE = Automatic;
				DEVELOPMENT_TEAM = 24G6VR25PU;
				INFOPLIST_FILE = Fenestra/Info.plist;
				LD_RUNPATH_SEARCH_PATHS = "$(inherited) @executable_path/Frameworks";
				PRODUCT_BUNDLE_IDENTIFIER = com.Fenestra.Fenestra;
				PRODUCT_NAME = "$(TARGET_NAME)";
				SWIFT_OBJC_BRIDGING_HEADER = "Fenestra/Fenestra-Bridging-Header.h";
				SWIFT_OPTIMIZATION_LEVEL = "-Onone";
				SWIFT_VERSION = 4.0;
				TARGETED_DEVICE_FAMILY = "1,2";
			};
			name = Debug;
		};
		6A268C1A1FA6474C00481258 /* Release */ = {
			isa = XCBuildConfiguration;
			buildSettings = {
				ASSETCATALOG_COMPILER_APPICON_NAME = AppIcon;
				CLANG_ENABLE_MODULES = YES;
				CODE_SIGN_STYLE = Automatic;
				DEVELOPMENT_TEAM = 24G6VR25PU;
				INFOPLIST_FILE = Fenestra/Info.plist;
				LD_RUNPATH_SEARCH_PATHS = "$(inherited) @executable_path/Frameworks";
				PRODUCT_BUNDLE_IDENTIFIER = com.Fenestra.Fenestra;
				PRODUCT_NAME = "$(TARGET_NAME)";
				SWIFT_OBJC_BRIDGING_HEADER = "Fenestra/Fenestra-Bridging-Header.h";
				SWIFT_VERSION = 4.0;
				TARGETED_DEVICE_FAMILY = "1,2";
			};
			name = Release;
		};
		6A268C1C1FA6474C00481258 /* Debug */ = {
			isa = XCBuildConfiguration;
			buildSettings = {
				ALWAYS_EMBED_SWIFT_STANDARD_LIBRARIES = YES;
				BUNDLE_LOADER = "$(TEST_HOST)";
				CODE_SIGN_STYLE = Automatic;
				DEVELOPMENT_TEAM = 24G6VR25PU;
				INFOPLIST_FILE = FenestraTests/Info.plist;
				LD_RUNPATH_SEARCH_PATHS = "$(inherited) @executable_path/Frameworks @loader_path/Frameworks";
				PRODUCT_BUNDLE_IDENTIFIER = com.Fenestra.FenestraTests;
				PRODUCT_NAME = "$(TARGET_NAME)";
				SWIFT_VERSION = 4.0;
				TARGETED_DEVICE_FAMILY = "1,2";
				TEST_HOST = "$(BUILT_PRODUCTS_DIR)/Fenestra.app/Fenestra";
			};
			name = Debug;
		};
		6A268C1D1FA6474C00481258 /* Release */ = {
			isa = XCBuildConfiguration;
			buildSettings = {
				ALWAYS_EMBED_SWIFT_STANDARD_LIBRARIES = YES;
				BUNDLE_LOADER = "$(TEST_HOST)";
				CODE_SIGN_STYLE = Automatic;
				DEVELOPMENT_TEAM = 24G6VR25PU;
				INFOPLIST_FILE = FenestraTests/Info.plist;
				LD_RUNPATH_SEARCH_PATHS = "$(inherited) @executable_path/Frameworks @loader_path/Frameworks";
				PRODUCT_BUNDLE_IDENTIFIER = com.Fenestra.FenestraTests;
				PRODUCT_NAME = "$(TARGET_NAME)";
				SWIFT_VERSION = 4.0;
				TARGETED_DEVICE_FAMILY = "1,2";
				TEST_HOST = "$(BUILT_PRODUCTS_DIR)/Fenestra.app/Fenestra";
			};
			name = Release;
		};
		6A268C1F1FA6474C00481258 /* Debug */ = {
			isa = XCBuildConfiguration;
			buildSettings = {
				ALWAYS_EMBED_SWIFT_STANDARD_LIBRARIES = YES;
				CODE_SIGN_STYLE = Automatic;
				DEVELOPMENT_TEAM = 24G6VR25PU;
				INFOPLIST_FILE = FenestraUITests/Info.plist;
				LD_RUNPATH_SEARCH_PATHS = "$(inherited) @executable_path/Frameworks @loader_path/Frameworks";
				PRODUCT_BUNDLE_IDENTIFIER = com.Fenestra.FenestraUITests;
				PRODUCT_NAME = "$(TARGET_NAME)";
				SWIFT_VERSION = 4.0;
				TARGETED_DEVICE_FAMILY = "1,2";
				TEST_TARGET_NAME = Fenestra;
			};
			name = Debug;
		};
		6A268C201FA6474C00481258 /* Release */ = {
			isa = XCBuildConfiguration;
			buildSettings = {
				ALWAYS_EMBED_SWIFT_STANDARD_LIBRARIES = YES;
				CODE_SIGN_STYLE = Automatic;
				DEVELOPMENT_TEAM = 24G6VR25PU;
				INFOPLIST_FILE = FenestraUITests/Info.plist;
				LD_RUNPATH_SEARCH_PATHS = "$(inherited) @executable_path/Frameworks @loader_path/Frameworks";
				PRODUCT_BUNDLE_IDENTIFIER = com.Fenestra.FenestraUITests;
				PRODUCT_NAME = "$(TARGET_NAME)";
				SWIFT_VERSION = 4.0;
				TARGETED_DEVICE_FAMILY = "1,2";
				TEST_TARGET_NAME = Fenestra;
			};
			name = Release;
		};
/* End XCBuildConfiguration section */

/* Begin XCConfigurationList section */
		6A268BEB1FA6474C00481258 /* Build configuration list for PBXProject "Fenestra" */ = {
			isa = XCConfigurationList;
			buildConfigurations = (
				6A268C161FA6474C00481258 /* Debug */,
				6A268C171FA6474C00481258 /* Release */,
			);
			defaultConfigurationIsVisible = 0;
			defaultConfigurationName = Release;
		};
		6A268C181FA6474C00481258 /* Build configuration list for PBXNativeTarget "Fenestra" */ = {
			isa = XCConfigurationList;
			buildConfigurations = (
				6A268C191FA6474C00481258 /* Debug */,
				6A268C1A1FA6474C00481258 /* Release */,
			);
			defaultConfigurationIsVisible = 0;
			defaultConfigurationName = Release;
		};
		6A268C1B1FA6474C00481258 /* Build configuration list for PBXNativeTarget "FenestraTests" */ = {
			isa = XCConfigurationList;
			buildConfigurations = (
				6A268C1C1FA6474C00481258 /* Debug */,
				6A268C1D1FA6474C00481258 /* Release */,
			);
			defaultConfigurationIsVisible = 0;
			defaultConfigurationName = Release;
		};
		6A268C1E1FA6474C00481258 /* Build configuration list for PBXNativeTarget "FenestraUITests" */ = {
			isa = XCConfigurationList;
			buildConfigurations = (
				6A268C1F1FA6474C00481258 /* Debug */,
				6A268C201FA6474C00481258 /* Release */,
			);
			defaultConfigurationIsVisible = 0;
			defaultConfigurationName = Release;
		};
/* End XCConfigurationList section */
	};
	rootObject = 6A268BE81FA6474C00481258 /* Project object */;
}
